// !$*UTF8*$!
{
	archiveVersion = 1;
	classes = {
	};
	objectVersion = 46;
	objects = {

/* Begin PBXBuildFile section */
		2BC3970E1AADE837001ABDF2 /* AppDelegate.swift in Sources */ = {isa = PBXBuildFile; fileRef = 2BC3970D1AADE837001ABDF2 /* AppDelegate.swift */; };
		2BC397151AADE837001ABDF2 /* Images.xcassets in Resources */ = {isa = PBXBuildFile; fileRef = 2BC397141AADE837001ABDF2 /* Images.xcassets */; };
		2BC397181AADE837001ABDF2 /* LaunchScreen.xib in Resources */ = {isa = PBXBuildFile; fileRef = 2BC397161AADE837001ABDF2 /* LaunchScreen.xib */; };
		2BC397241AADE837001ABDF2 /* ParseiOSTemplateTests.swift in Sources */ = {isa = PBXBuildFile; fileRef = 2BC397231AADE837001ABDF2 /* ParseiOSTemplateTests.swift */; };
		2BC3972F1AADE859001ABDF2 /* AudioToolbox.framework in Frameworks */ = {isa = PBXBuildFile; fileRef = 2BC3972E1AADE859001ABDF2 /* AudioToolbox.framework */; };
		2BC397311AADE860001ABDF2 /* CFNetwork.framework in Frameworks */ = {isa = PBXBuildFile; fileRef = 2BC397301AADE85F001ABDF2 /* CFNetwork.framework */; };
		2BC397331AADE86C001ABDF2 /* libz.dylib in Frameworks */ = {isa = PBXBuildFile; fileRef = 2BC397321AADE86C001ABDF2 /* libz.dylib */; };
		2BC397351AADE871001ABDF2 /* libsqlite3.dylib in Frameworks */ = {isa = PBXBuildFile; fileRef = 2BC397341AADE871001ABDF2 /* libsqlite3.dylib */; };
		2BC397371AADE875001ABDF2 /* CoreLocation.framework in Frameworks */ = {isa = PBXBuildFile; fileRef = 2BC397361AADE875001ABDF2 /* CoreLocation.framework */; };
		2BC397391AADE87A001ABDF2 /* CoreGraphics.framework in Frameworks */ = {isa = PBXBuildFile; fileRef = 2BC397381AADE87A001ABDF2 /* CoreGraphics.framework */; };
		2BC3973B1AADE886001ABDF2 /* StoreKit.framework in Frameworks */ = {isa = PBXBuildFile; fileRef = 2BC3973A1AADE886001ABDF2 /* StoreKit.framework */; };
		2BC3973D1AADE88C001ABDF2 /* Security.framework in Frameworks */ = {isa = PBXBuildFile; fileRef = 2BC3973C1AADE88C001ABDF2 /* Security.framework */; };
		2BC3973F1AADE895001ABDF2 /* SystemConfiguration.framework in Frameworks */ = {isa = PBXBuildFile; fileRef = 2BC3973E1AADE895001ABDF2 /* SystemConfiguration.framework */; };
		2BC397411AADE8A0001ABDF2 /* MobileCoreServices.framework in Frameworks */ = {isa = PBXBuildFile; fileRef = 2BC397401AADE8A0001ABDF2 /* MobileCoreServices.framework */; };
		2BC397431AADE8A4001ABDF2 /* QuartzCore.framework in Frameworks */ = {isa = PBXBuildFile; fileRef = 2BC397421AADE8A4001ABDF2 /* QuartzCore.framework */; };
		2BC397451AADE8C4001ABDF2 /* Parse.framework in Frameworks */ = {isa = PBXBuildFile; fileRef = 2BC397441AADE8C4001ABDF2 /* Parse.framework */; };
		2BC397471AADE8CE001ABDF2 /* Bolts.framework in Frameworks */ = {isa = PBXBuildFile; fileRef = 2BC397461AADE8CE001ABDF2 /* Bolts.framework */; };
		703BC6FA1B60FE4200873726 /* CoreDataWraper.swift in Sources */ = {isa = PBXBuildFile; fileRef = 703BC6F91B60FE4200873726 /* CoreDataWraper.swift */; };
		705FFC981B56A4C100000399 /* FoodOnYourMindData.xcdatamodeld in Sources */ = {isa = PBXBuildFile; fileRef = 705FFC961B56A4C100000399 /* FoodOnYourMindData.xcdatamodeld */; };
		705FFC9A1B570EB500000399 /* Main.storyboard in Resources */ = {isa = PBXBuildFile; fileRef = 705FFC991B570EB500000399 /* Main.storyboard */; };
		705FFCA01B570EF200000399 /* listCell.swift in Sources */ = {isa = PBXBuildFile; fileRef = 705FFC9B1B570EF200000399 /* listCell.swift */; };
		705FFCA11B570EF200000399 /* AddViewController.swift in Sources */ = {isa = PBXBuildFile; fileRef = 705FFC9C1B570EF200000399 /* AddViewController.swift */; };
		705FFCA21B570EF200000399 /* recipieModel.swift in Sources */ = {isa = PBXBuildFile; fileRef = 705FFC9D1B570EF200000399 /* recipieModel.swift */; };
		705FFCA31B570EF200000399 /* GListViewController.swift in Sources */ = {isa = PBXBuildFile; fileRef = 705FFC9E1B570EF200000399 /* GListViewController.swift */; };
		705FFCA41B570EF200000399 /* SettingsViewController.swift in Sources */ = {isa = PBXBuildFile; fileRef = 705FFC9F1B570EF200000399 /* SettingsViewController.swift */; };
		706277221B58AB9B0071E338 /* Manifest.lock in Resources */ = {isa = PBXBuildFile; fileRef = D9F94619D883451ECBA9FA46 /* Manifest.lock */; };
		706277241B58ABD30071E338 /* (null) in Resources */ = {isa = PBXBuildFile; };
		706277251B58ABD40071E338 /* (null) in Resources */ = {isa = PBXBuildFile; };
		706277261B58ABDE0071E338 /* Manifest.lock in Resources */ = {isa = PBXBuildFile; fileRef = D9F94619D883451ECBA9FA46 /* Manifest.lock */; };
		707826441B57114A004F641C /* IQDropDownTextField.m in Sources */ = {isa = PBXBuildFile; fileRef = 707826431B57114A004F641C /* IQDropDownTextField.m */; };
		707826461B5711CC004F641C /* AERecord.swift in Sources */ = {isa = PBXBuildFile; fileRef = 707826451B5711CC004F641C /* AERecord.swift */; };
		707826481B57133C004F641C /* LoginViewController.swift in Sources */ = {isa = PBXBuildFile; fileRef = 707826471B57133C004F641C /* LoginViewController.swift */; };
		7078264A1B571D4F004F641C /* RegisterViewController.swift in Sources */ = {isa = PBXBuildFile; fileRef = 707826491B571D4F004F641C /* RegisterViewController.swift */; };
		7078264C1B572461004F641C /* WelcomeViewController.swift in Sources */ = {isa = PBXBuildFile; fileRef = 7078264B1B572461004F641C /* WelcomeViewController.swift */; };
		70990E011B5C744B000A38F0 /* ingredientNameViewController.swift in Sources */ = {isa = PBXBuildFile; fileRef = 70990E001B5C744B000A38F0 /* ingredientNameViewController.swift */; };
		70FDA4D41B589DC500D40063 /* CoreModel.xcdatamodeld in Sources */ = {isa = PBXBuildFile; fileRef = 70FDA4D21B589DC500D40063 /* CoreModel.xcdatamodeld */; };
		70FDA4D61B589E4200D40063 /* User.swift in Sources */ = {isa = PBXBuildFile; fileRef = 70FDA4D51B589E4200D40063 /* User.swift */; };
/* End PBXBuildFile section */

/* Begin PBXContainerItemProxy section */
		2BC3971E1AADE837001ABDF2 /* PBXContainerItemProxy */ = {
			isa = PBXContainerItemProxy;
			containerPortal = 2BC397001AADE837001ABDF2 /* Project object */;
			proxyType = 1;
			remoteGlobalIDString = 2BC397071AADE837001ABDF2;
			remoteInfo = ParseiOSTemplate;
		};
/* End PBXContainerItemProxy section */

/* Begin PBXFileReference section */
		2BC397081AADE837001ABDF2 /* FoodOnYourMind_Swift.app */ = {isa = PBXFileReference; explicitFileType = wrapper.application; includeInIndex = 0; path = FoodOnYourMind_Swift.app; sourceTree = BUILT_PRODUCTS_DIR; };
		2BC3970C1AADE837001ABDF2 /* Info.plist */ = {isa = PBXFileReference; lastKnownFileType = text.plist.xml; path = Info.plist; sourceTree = "<group>"; };
		2BC3970D1AADE837001ABDF2 /* AppDelegate.swift */ = {isa = PBXFileReference; lastKnownFileType = sourcecode.swift; path = AppDelegate.swift; sourceTree = "<group>"; };
		2BC397141AADE837001ABDF2 /* Images.xcassets */ = {isa = PBXFileReference; lastKnownFileType = folder.assetcatalog; path = Images.xcassets; sourceTree = "<group>"; };
		2BC397171AADE837001ABDF2 /* Base */ = {isa = PBXFileReference; lastKnownFileType = file.xib; name = Base; path = Base.lproj/LaunchScreen.xib; sourceTree = "<group>"; };
		2BC3971D1AADE837001ABDF2 /* FoodOnYourMind_SwiftTests.xctest */ = {isa = PBXFileReference; explicitFileType = wrapper.cfbundle; includeInIndex = 0; path = FoodOnYourMind_SwiftTests.xctest; sourceTree = BUILT_PRODUCTS_DIR; };
		2BC397221AADE837001ABDF2 /* Info.plist */ = {isa = PBXFileReference; lastKnownFileType = text.plist.xml; path = Info.plist; sourceTree = "<group>"; };
		2BC397231AADE837001ABDF2 /* ParseiOSTemplateTests.swift */ = {isa = PBXFileReference; lastKnownFileType = sourcecode.swift; path = ParseiOSTemplateTests.swift; sourceTree = "<group>"; };
		2BC3972E1AADE859001ABDF2 /* AudioToolbox.framework */ = {isa = PBXFileReference; lastKnownFileType = wrapper.framework; name = AudioToolbox.framework; path = System/Library/Frameworks/AudioToolbox.framework; sourceTree = SDKROOT; };
		2BC397301AADE85F001ABDF2 /* CFNetwork.framework */ = {isa = PBXFileReference; lastKnownFileType = wrapper.framework; name = CFNetwork.framework; path = System/Library/Frameworks/CFNetwork.framework; sourceTree = SDKROOT; };
		2BC397321AADE86C001ABDF2 /* libz.dylib */ = {isa = PBXFileReference; lastKnownFileType = "compiled.mach-o.dylib"; name = libz.dylib; path = usr/lib/libz.dylib; sourceTree = SDKROOT; };
		2BC397341AADE871001ABDF2 /* libsqlite3.dylib */ = {isa = PBXFileReference; lastKnownFileType = "compiled.mach-o.dylib"; name = libsqlite3.dylib; path = usr/lib/libsqlite3.dylib; sourceTree = SDKROOT; };
		2BC397361AADE875001ABDF2 /* CoreLocation.framework */ = {isa = PBXFileReference; lastKnownFileType = wrapper.framework; name = CoreLocation.framework; path = System/Library/Frameworks/CoreLocation.framework; sourceTree = SDKROOT; };
		2BC397381AADE87A001ABDF2 /* CoreGraphics.framework */ = {isa = PBXFileReference; lastKnownFileType = wrapper.framework; name = CoreGraphics.framework; path = System/Library/Frameworks/CoreGraphics.framework; sourceTree = SDKROOT; };
		2BC3973A1AADE886001ABDF2 /* StoreKit.framework */ = {isa = PBXFileReference; lastKnownFileType = wrapper.framework; name = StoreKit.framework; path = System/Library/Frameworks/StoreKit.framework; sourceTree = SDKROOT; };
		2BC3973C1AADE88C001ABDF2 /* Security.framework */ = {isa = PBXFileReference; lastKnownFileType = wrapper.framework; name = Security.framework; path = System/Library/Frameworks/Security.framework; sourceTree = SDKROOT; };
		2BC3973E1AADE895001ABDF2 /* SystemConfiguration.framework */ = {isa = PBXFileReference; lastKnownFileType = wrapper.framework; name = SystemConfiguration.framework; path = System/Library/Frameworks/SystemConfiguration.framework; sourceTree = SDKROOT; };
		2BC397401AADE8A0001ABDF2 /* MobileCoreServices.framework */ = {isa = PBXFileReference; lastKnownFileType = wrapper.framework; name = MobileCoreServices.framework; path = System/Library/Frameworks/MobileCoreServices.framework; sourceTree = SDKROOT; };
		2BC397421AADE8A4001ABDF2 /* QuartzCore.framework */ = {isa = PBXFileReference; lastKnownFileType = wrapper.framework; name = QuartzCore.framework; path = System/Library/Frameworks/QuartzCore.framework; sourceTree = SDKROOT; };
		2BC397441AADE8C4001ABDF2 /* Parse.framework */ = {isa = PBXFileReference; lastKnownFileType = wrapper.framework; path = Parse.framework; sourceTree = "<group>"; };
		2BC397461AADE8CE001ABDF2 /* Bolts.framework */ = {isa = PBXFileReference; lastKnownFileType = wrapper.framework; path = Bolts.framework; sourceTree = "<group>"; };
		2BC397481AADE8ED001ABDF2 /* ParseiOSTemplate-Bridging-Header.h */ = {isa = PBXFileReference; lastKnownFileType = sourcecode.c.h; path = "ParseiOSTemplate-Bridging-Header.h"; sourceTree = "<group>"; };
		703BC6F91B60FE4200873726 /* CoreDataWraper.swift */ = {isa = PBXFileReference; fileEncoding = 4; lastKnownFileType = sourcecode.swift; path = CoreDataWraper.swift; sourceTree = "<group>"; };
		705FFC971B56A4C100000399 /* FoodOnYourMindData.xcdatamodel */ = {isa = PBXFileReference; lastKnownFileType = wrapper.xcdatamodel; path = FoodOnYourMindData.xcdatamodel; sourceTree = "<group>"; };
		705FFC991B570EB500000399 /* Main.storyboard */ = {isa = PBXFileReference; fileEncoding = 4; lastKnownFileType = file.storyboard; path = Main.storyboard; sourceTree = "<group>"; };
		705FFC9B1B570EF200000399 /* listCell.swift */ = {isa = PBXFileReference; fileEncoding = 4; lastKnownFileType = sourcecode.swift; path = listCell.swift; sourceTree = "<group>"; };
		705FFC9C1B570EF200000399 /* AddViewController.swift */ = {isa = PBXFileReference; fileEncoding = 4; lastKnownFileType = sourcecode.swift; path = AddViewController.swift; sourceTree = "<group>"; };
		705FFC9D1B570EF200000399 /* recipieModel.swift */ = {isa = PBXFileReference; fileEncoding = 4; lastKnownFileType = sourcecode.swift; path = recipieModel.swift; sourceTree = "<group>"; };
		705FFC9E1B570EF200000399 /* GListViewController.swift */ = {isa = PBXFileReference; fileEncoding = 4; lastKnownFileType = sourcecode.swift; path = GListViewController.swift; sourceTree = "<group>"; };
		705FFC9F1B570EF200000399 /* SettingsViewController.swift */ = {isa = PBXFileReference; fileEncoding = 4; lastKnownFileType = sourcecode.swift; path = SettingsViewController.swift; sourceTree = "<group>"; };
		707826421B57114A004F641C /* IQDropDownTextField.h */ = {isa = PBXFileReference; fileEncoding = 4; lastKnownFileType = sourcecode.c.h; path = IQDropDownTextField.h; sourceTree = "<group>"; };
		707826431B57114A004F641C /* IQDropDownTextField.m */ = {isa = PBXFileReference; fileEncoding = 4; lastKnownFileType = sourcecode.c.objc; path = IQDropDownTextField.m; sourceTree = "<group>"; };
		707826451B5711CC004F641C /* AERecord.swift */ = {isa = PBXFileReference; fileEncoding = 4; lastKnownFileType = sourcecode.swift; path = AERecord.swift; sourceTree = "<group>"; };
		707826471B57133C004F641C /* LoginViewController.swift */ = {isa = PBXFileReference; fileEncoding = 4; lastKnownFileType = sourcecode.swift; path = LoginViewController.swift; sourceTree = "<group>"; };
		707826491B571D4F004F641C /* RegisterViewController.swift */ = {isa = PBXFileReference; fileEncoding = 4; lastKnownFileType = sourcecode.swift; path = RegisterViewController.swift; sourceTree = "<group>"; };
		7078264B1B572461004F641C /* WelcomeViewController.swift */ = {isa = PBXFileReference; fileEncoding = 4; lastKnownFileType = sourcecode.swift; path = WelcomeViewController.swift; sourceTree = "<group>"; };
		70990E001B5C744B000A38F0 /* ingredientNameViewController.swift */ = {isa = PBXFileReference; fileEncoding = 4; lastKnownFileType = sourcecode.swift; path = ingredientNameViewController.swift; sourceTree = "<group>"; };
		70FDA4D31B589DC500D40063 /* CoreModel.xcdatamodel */ = {isa = PBXFileReference; lastKnownFileType = wrapper.xcdatamodel; path = CoreModel.xcdatamodel; sourceTree = "<group>"; };
		70FDA4D51B589E4200D40063 /* User.swift */ = {isa = PBXFileReference; fileEncoding = 4; lastKnownFileType = sourcecode.swift; path = User.swift; sourceTree = "<group>"; };
		D9F94619D883451ECBA9FA46 /* Manifest.lock */ = {isa = PBXFileReference; includeInIndex = 1; lastKnownFileType = text; name = Manifest.lock; path = Pods/Manifest.lock; sourceTree = "<group>"; };
/* End PBXFileReference section */

/* Begin PBXFrameworksBuildPhase section */
		2BC397051AADE837001ABDF2 /* Frameworks */ = {
			isa = PBXFrameworksBuildPhase;
			buildActionMask = 2147483647;
			files = (
				2BC397431AADE8A4001ABDF2 /* QuartzCore.framework in Frameworks */,
				2BC397411AADE8A0001ABDF2 /* MobileCoreServices.framework in Frameworks */,
				2BC3973F1AADE895001ABDF2 /* SystemConfiguration.framework in Frameworks */,
				2BC3973D1AADE88C001ABDF2 /* Security.framework in Frameworks */,
				2BC3973B1AADE886001ABDF2 /* StoreKit.framework in Frameworks */,
				2BC397391AADE87A001ABDF2 /* CoreGraphics.framework in Frameworks */,
				2BC397371AADE875001ABDF2 /* CoreLocation.framework in Frameworks */,
				2BC397471AADE8CE001ABDF2 /* Bolts.framework in Frameworks */,
				2BC397351AADE871001ABDF2 /* libsqlite3.dylib in Frameworks */,
				2BC397331AADE86C001ABDF2 /* libz.dylib in Frameworks */,
				2BC3972F1AADE859001ABDF2 /* AudioToolbox.framework in Frameworks */,
				2BC397451AADE8C4001ABDF2 /* Parse.framework in Frameworks */,
				2BC397311AADE860001ABDF2 /* CFNetwork.framework in Frameworks */,
			);
			runOnlyForDeploymentPostprocessing = 0;
		};
		2BC3971A1AADE837001ABDF2 /* Frameworks */ = {
			isa = PBXFrameworksBuildPhase;
			buildActionMask = 2147483647;
			files = (
			);
			runOnlyForDeploymentPostprocessing = 0;
		};
/* End PBXFrameworksBuildPhase section */

/* Begin PBXGroup section */
		2BC396FF1AADE837001ABDF2 = {
			isa = PBXGroup;
			children = (
				2BC3972D1AADE845001ABDF2 /* Frameworks */,
				2BC3970A1AADE837001ABDF2 /* FoodOnYourMind */,
				2BC397201AADE837001ABDF2 /* ParseiOSTemplateTests */,
				2BC397091AADE837001ABDF2 /* Products */,
				97C4A4D799B10EE0E04BA1D2 /* Pods */,
			);
			sourceTree = "<group>";
		};
		2BC397091AADE837001ABDF2 /* Products */ = {
			isa = PBXGroup;
			children = (
				2BC397081AADE837001ABDF2 /* FoodOnYourMind_Swift.app */,
				2BC3971D1AADE837001ABDF2 /* FoodOnYourMind_SwiftTests.xctest */,
			);
			name = Products;
			sourceTree = "<group>";
		};
		2BC3970A1AADE837001ABDF2 /* FoodOnYourMind */ = {
			isa = PBXGroup;
			children = (
				705FFC9C1B570EF200000399 /* AddViewController.swift */,
				2BC3970D1AADE837001ABDF2 /* AppDelegate.swift */,
				70FDA4D21B589DC500D40063 /* CoreModel.xcdatamodeld */,
				705FFC961B56A4C100000399 /* FoodOnYourMindData.xcdatamodeld */,
				705FFC9E1B570EF200000399 /* GListViewController.swift */,
				2BC397141AADE837001ABDF2 /* Images.xcassets */,
				2BC397161AADE837001ABDF2 /* LaunchScreen.xib */,
				707826411B57113B004F641C /* lib */,
				707826471B57133C004F641C /* LoginViewController.swift */,
				705FFC991B570EB500000399 /* Main.storyboard */,
				70990E001B5C744B000A38F0 /* ingredientNameViewController.swift */,
				7078264D1B574474004F641C /* Model */,
				2BC397481AADE8ED001ABDF2 /* ParseiOSTemplate-Bridging-Header.h */,
				707826491B571D4F004F641C /* RegisterViewController.swift */,
				705FFC9F1B570EF200000399 /* SettingsViewController.swift */,
				2BC3970B1AADE837001ABDF2 /* Supporting Files */,
				7078264B1B572461004F641C /* WelcomeViewController.swift */,
			);
			name = FoodOnYourMind;
			path = ParseiOSTemplate;
			sourceTree = "<group>";
		};
		2BC3970B1AADE837001ABDF2 /* Supporting Files */ = {
			isa = PBXGroup;
			children = (
				2BC3970C1AADE837001ABDF2 /* Info.plist */,
			);
			name = "Supporting Files";
			sourceTree = "<group>";
		};
		2BC397201AADE837001ABDF2 /* ParseiOSTemplateTests */ = {
			isa = PBXGroup;
			children = (
				2BC397231AADE837001ABDF2 /* ParseiOSTemplateTests.swift */,
				2BC397211AADE837001ABDF2 /* Supporting Files */,
			);
			path = ParseiOSTemplateTests;
			sourceTree = "<group>";
		};
		2BC397211AADE837001ABDF2 /* Supporting Files */ = {
			isa = PBXGroup;
			children = (
				2BC397221AADE837001ABDF2 /* Info.plist */,
			);
			name = "Supporting Files";
			sourceTree = "<group>";
		};
		2BC3972D1AADE845001ABDF2 /* Frameworks */ = {
			isa = PBXGroup;
			children = (
				2BC397461AADE8CE001ABDF2 /* Bolts.framework */,
				2BC397441AADE8C4001ABDF2 /* Parse.framework */,
				2BC397421AADE8A4001ABDF2 /* QuartzCore.framework */,
				2BC397401AADE8A0001ABDF2 /* MobileCoreServices.framework */,
				2BC3973E1AADE895001ABDF2 /* SystemConfiguration.framework */,
				2BC3973C1AADE88C001ABDF2 /* Security.framework */,
				2BC3973A1AADE886001ABDF2 /* StoreKit.framework */,
				2BC397381AADE87A001ABDF2 /* CoreGraphics.framework */,
				2BC397361AADE875001ABDF2 /* CoreLocation.framework */,
				2BC397341AADE871001ABDF2 /* libsqlite3.dylib */,
				2BC397321AADE86C001ABDF2 /* libz.dylib */,
				2BC397301AADE85F001ABDF2 /* CFNetwork.framework */,
				2BC3972E1AADE859001ABDF2 /* AudioToolbox.framework */,
			);
			name = Frameworks;
			sourceTree = "<group>";
		};
		707826411B57113B004F641C /* lib */ = {
			isa = PBXGroup;
			children = (
				707826421B57114A004F641C /* IQDropDownTextField.h */,
				707826451B5711CC004F641C /* AERecord.swift */,
				707826431B57114A004F641C /* IQDropDownTextField.m */,
			);
			name = lib;
			sourceTree = "<group>";
		};
		7078264D1B574474004F641C /* Model */ = {
			isa = PBXGroup;
			children = (
				70FDA4D51B589E4200D40063 /* User.swift */,
				705FFC9D1B570EF200000399 /* recipieModel.swift */,
				705FFC9B1B570EF200000399 /* listCell.swift */,
				703BC6F91B60FE4200873726 /* CoreDataWraper.swift */,
			);
			name = Model;
			sourceTree = "<group>";
		};
		97C4A4D799B10EE0E04BA1D2 /* Pods */ = {
			isa = PBXGroup;
			children = (
				D9F94619D883451ECBA9FA46 /* Manifest.lock */,
			);
			name = Pods;
			sourceTree = "<group>";
		};
/* End PBXGroup section */

/* Begin PBXNativeTarget section */
		2BC397071AADE837001ABDF2 /* FoodOnYourMind_Swift */ = {
			isa = PBXNativeTarget;
			buildConfigurationList = 2BC397271AADE837001ABDF2 /* Build configuration list for PBXNativeTarget "FoodOnYourMind_Swift" */;
			buildPhases = (
				2BC397041AADE837001ABDF2 /* Sources */,
				2BC397051AADE837001ABDF2 /* Frameworks */,
				2BC397061AADE837001ABDF2 /* Resources */,
			);
			buildRules = (
			);
			dependencies = (
			);
			name = FoodOnYourMind_Swift;
			productName = ParseiOSTemplate;
			productReference = 2BC397081AADE837001ABDF2 /* FoodOnYourMind_Swift.app */;
			productType = "com.apple.product-type.application";
		};
		2BC3971C1AADE837001ABDF2 /* FoodOnYourMind_SwiftTests */ = {
			isa = PBXNativeTarget;
			buildConfigurationList = 2BC3972A1AADE837001ABDF2 /* Build configuration list for PBXNativeTarget "FoodOnYourMind_SwiftTests" */;
			buildPhases = (
				2BC397191AADE837001ABDF2 /* Sources */,
				2BC3971A1AADE837001ABDF2 /* Frameworks */,
				2BC3971B1AADE837001ABDF2 /* Resources */,
			);
			buildRules = (
			);
			dependencies = (
				2BC3971F1AADE837001ABDF2 /* PBXTargetDependency */,
			);
			name = FoodOnYourMind_SwiftTests;
			productName = ParseiOSTemplateTests;
			productReference = 2BC3971D1AADE837001ABDF2 /* FoodOnYourMind_SwiftTests.xctest */;
			productType = "com.apple.product-type.bundle.unit-test";
		};
/* End PBXNativeTarget section */

/* Begin PBXProject section */
		2BC397001AADE837001ABDF2 /* Project object */ = {
			isa = PBXProject;
			attributes = {
				LastUpgradeCheck = 0610;
				ORGANIZATIONNAME = Computer;
				TargetAttributes = {
					2BC397071AADE837001ABDF2 = {
						CreatedOnToolsVersion = 6.1.1;
					};
					2BC3971C1AADE837001ABDF2 = {
						CreatedOnToolsVersion = 6.1.1;
						TestTargetID = 2BC397071AADE837001ABDF2;
					};
				};
			};
			buildConfigurationList = 2BC397031AADE837001ABDF2 /* Build configuration list for PBXProject "FoodOnYourMind_Swift" */;
			compatibilityVersion = "Xcode 3.2";
			developmentRegion = English;
			hasScannedForEncodings = 0;
			knownRegions = (
				en,
				Base,
			);
			mainGroup = 2BC396FF1AADE837001ABDF2;
			productRefGroup = 2BC397091AADE837001ABDF2 /* Products */;
			projectDirPath = "";
			projectRoot = "";
			targets = (
				2BC397071AADE837001ABDF2 /* FoodOnYourMind_Swift */,
				2BC3971C1AADE837001ABDF2 /* FoodOnYourMind_SwiftTests */,
			);
		};
/* End PBXProject section */

/* Begin PBXResourcesBuildPhase section */
		2BC397061AADE837001ABDF2 /* Resources */ = {
			isa = PBXResourcesBuildPhase;
			buildActionMask = 2147483647;
			files = (
				2BC397181AADE837001ABDF2 /* LaunchScreen.xib in Resources */,
				706277241B58ABD30071E338 /* (null) in Resources */,
				2BC397151AADE837001ABDF2 /* Images.xcassets in Resources */,
				705FFC9A1B570EB500000399 /* Main.storyboard in Resources */,
				706277221B58AB9B0071E338 /* Manifest.lock in Resources */,
			);
			runOnlyForDeploymentPostprocessing = 0;
		};
		2BC3971B1AADE837001ABDF2 /* Resources */ = {
			isa = PBXResourcesBuildPhase;
			buildActionMask = 2147483647;
			files = (
				706277251B58ABD40071E338 /* (null) in Resources */,
				706277261B58ABDE0071E338 /* Manifest.lock in Resources */,
			);
			runOnlyForDeploymentPostprocessing = 0;
		};
/* End PBXResourcesBuildPhase section */

/* Begin PBXSourcesBuildPhase section */
		2BC397041AADE837001ABDF2 /* Sources */ = {
			isa = PBXSourcesBuildPhase;
			buildActionMask = 2147483647;
			files = (
				707826461B5711CC004F641C /* AERecord.swift in Sources */,
				705FFCA11B570EF200000399 /* AddViewController.swift in Sources */,
				705FFCA21B570EF200000399 /* recipieModel.swift in Sources */,
				703BC6FA1B60FE4200873726 /* CoreDataWraper.swift in Sources */,
				7078264A1B571D4F004F641C /* RegisterViewController.swift in Sources */,
				705FFCA01B570EF200000399 /* listCell.swift in Sources */,
				7078264C1B572461004F641C /* WelcomeViewController.swift in Sources */,
				70990E011B5C744B000A38F0 /* ingredientNameViewController.swift in Sources */,
				705FFCA31B570EF200000399 /* GListViewController.swift in Sources */,
				70FDA4D61B589E4200D40063 /* User.swift in Sources */,
				2BC3970E1AADE837001ABDF2 /* AppDelegate.swift in Sources */,
				707826441B57114A004F641C /* IQDropDownTextField.m in Sources */,
				705FFC981B56A4C100000399 /* FoodOnYourMindData.xcdatamodeld in Sources */,
				705FFCA41B570EF200000399 /* SettingsViewController.swift in Sources */,
				70FDA4D41B589DC500D40063 /* CoreModel.xcdatamodeld in Sources */,
				707826481B57133C004F641C /* LoginViewController.swift in Sources */,
			);
			runOnlyForDeploymentPostprocessing = 0;
		};
		2BC397191AADE837001ABDF2 /* Sources */ = {
			isa = PBXSourcesBuildPhase;
			buildActionMask = 2147483647;
			files = (
				2BC397241AADE837001ABDF2 /* ParseiOSTemplateTests.swift in Sources */,
			);
			runOnlyForDeploymentPostprocessing = 0;
		};
/* End PBXSourcesBuildPhase section */

/* Begin PBXTargetDependency section */
		2BC3971F1AADE837001ABDF2 /* PBXTargetDependency */ = {
			isa = PBXTargetDependency;
			target = 2BC397071AADE837001ABDF2 /* FoodOnYourMind_Swift */;
			targetProxy = 2BC3971E1AADE837001ABDF2 /* PBXContainerItemProxy */;
		};
/* End PBXTargetDependency section */

/* Begin PBXVariantGroup section */
		2BC397161AADE837001ABDF2 /* LaunchScreen.xib */ = {
			isa = PBXVariantGroup;
			children = (
				2BC397171AADE837001ABDF2 /* Base */,
			);
			name = LaunchScreen.xib;
			sourceTree = "<group>";
		};
/* End PBXVariantGroup section */

/* Begin XCBuildConfiguration section */
		2BC397251AADE837001ABDF2 /* Debug */ = {
			isa = XCBuildConfiguration;
			buildSettings = {
				ALWAYS_SEARCH_USER_PATHS = NO;
				CLANG_CXX_LANGUAGE_STANDARD = "gnu++0x";
				CLANG_CXX_LIBRARY = "libc++";
				CLANG_ENABLE_MODULES = YES;
				CLANG_ENABLE_OBJC_ARC = YES;
				CLANG_WARN_BOOL_CONVERSION = YES;
				CLANG_WARN_CONSTANT_CONVERSION = YES;
				CLANG_WARN_DIRECT_OBJC_ISA_USAGE = YES_ERROR;
				CLANG_WARN_EMPTY_BODY = YES;
				CLANG_WARN_ENUM_CONVERSION = YES;
				CLANG_WARN_INT_CONVERSION = YES;
				CLANG_WARN_OBJC_ROOT_CLASS = YES_ERROR;
				CLANG_WARN_UNREACHABLE_CODE = YES;
				CLANG_WARN__DUPLICATE_METHOD_MATCH = YES;
				"CODE_SIGN_IDENTITY[sdk=iphoneos*]" = "iPhone Developer";
				COPY_PHASE_STRIP = NO;
				ENABLE_STRICT_OBJC_MSGSEND = YES;
				GCC_C_LANGUAGE_STANDARD = gnu99;
				GCC_DYNAMIC_NO_PIC = NO;
				GCC_OPTIMIZATION_LEVEL = 0;
				GCC_PREPROCESSOR_DEFINITIONS = (
					"DEBUG=1",
					"$(inherited)",
				);
				GCC_SYMBOLS_PRIVATE_EXTERN = NO;
				GCC_WARN_64_TO_32_BIT_CONVERSION = YES;
				GCC_WARN_ABOUT_RETURN_TYPE = YES_ERROR;
				GCC_WARN_UNDECLARED_SELECTOR = YES;
				GCC_WARN_UNINITIALIZED_AUTOS = YES_AGGRESSIVE;
				GCC_WARN_UNUSED_FUNCTION = YES;
				GCC_WARN_UNUSED_VARIABLE = YES;
				IPHONEOS_DEPLOYMENT_TARGET = 8.1;
				MTL_ENABLE_DEBUG_INFO = YES;
				ONLY_ACTIVE_ARCH = YES;
				SDKROOT = iphoneos;
				SWIFT_OPTIMIZATION_LEVEL = "-Onone";
			};
			name = Debug;
		};
		2BC397261AADE837001ABDF2 /* Release */ = {
			isa = XCBuildConfiguration;
			buildSettings = {
				ALWAYS_SEARCH_USER_PATHS = NO;
				CLANG_CXX_LANGUAGE_STANDARD = "gnu++0x";
				CLANG_CXX_LIBRARY = "libc++";
				CLANG_ENABLE_MODULES = YES;
				CLANG_ENABLE_OBJC_ARC = YES;
				CLANG_WARN_BOOL_CONVERSION = YES;
				CLANG_WARN_CONSTANT_CONVERSION = YES;
				CLANG_WARN_DIRECT_OBJC_ISA_USAGE = YES_ERROR;
				CLANG_WARN_EMPTY_BODY = YES;
				CLANG_WARN_ENUM_CONVERSION = YES;
				CLANG_WARN_INT_CONVERSION = YES;
				CLANG_WARN_OBJC_ROOT_CLASS = YES_ERROR;
				CLANG_WARN_UNREACHABLE_CODE = YES;
				CLANG_WARN__DUPLICATE_METHOD_MATCH = YES;
				"CODE_SIGN_IDENTITY[sdk=iphoneos*]" = "iPhone Developer";
				COPY_PHASE_STRIP = YES;
				ENABLE_NS_ASSERTIONS = NO;
				ENABLE_STRICT_OBJC_MSGSEND = YES;
				GCC_C_LANGUAGE_STANDARD = gnu99;
				GCC_WARN_64_TO_32_BIT_CONVERSION = YES;
				GCC_WARN_ABOUT_RETURN_TYPE = YES_ERROR;
				GCC_WARN_UNDECLARED_SELECTOR = YES;
				GCC_WARN_UNINITIALIZED_AUTOS = YES_AGGRESSIVE;
				GCC_WARN_UNUSED_FUNCTION = YES;
				GCC_WARN_UNUSED_VARIABLE = YES;
				IPHONEOS_DEPLOYMENT_TARGET = 8.1;
				MTL_ENABLE_DEBUG_INFO = NO;
				SDKROOT = iphoneos;
				VALIDATE_PRODUCT = YES;
			};
			name = Release;
		};
		2BC397281AADE837001ABDF2 /* Debug */ = {
			isa = XCBuildConfiguration;
			baseConfigurationReference = D9F94619D883451ECBA9FA46 /* Manifest.lock */;
			buildSettings = {
				ASSETCATALOG_COMPILER_APPICON_NAME = AppIcon;
				CLANG_ENABLE_MODULES = YES;
				FRAMEWORK_SEARCH_PATHS = (
					"$(inherited)",
					"$(PROJECT_DIR)",
				);
				INFOPLIST_FILE = ParseiOSTemplate/Info.plist;
				LD_RUNPATH_SEARCH_PATHS = "$(inherited) @executable_path/Frameworks";
				PRODUCT_NAME = FoodOnYourMind_Swift;
				SWIFT_OBJC_BRIDGING_HEADER = "ParseiOSTemplate/ParseiOSTemplate-Bridging-Header.h";
				SWIFT_OPTIMIZATION_LEVEL = "-Onone";
			};
			name = Debug;
		};
		2BC397291AADE837001ABDF2 /* Release */ = {
			isa = XCBuildConfiguration;
			buildSettings = {
				ASSETCATALOG_COMPILER_APPICON_NAME = AppIcon;
				CLANG_ENABLE_MODULES = YES;
				FRAMEWORK_SEARCH_PATHS = (
					"$(inherited)",
					"$(PROJECT_DIR)",
				);
				INFOPLIST_FILE = ParseiOSTemplate/Info.plist;
				LD_RUNPATH_SEARCH_PATHS = "$(inherited) @executable_path/Frameworks";
				PRODUCT_NAME = FoodOnYourMind_Swift;
				SWIFT_OBJC_BRIDGING_HEADER = "ParseiOSTemplate/ParseiOSTemplate-Bridging-Header.h";
			};
			name = Release;
		};
		2BC3972B1AADE837001ABDF2 /* Debug */ = {
			isa = XCBuildConfiguration;
			buildSettings = {
				BUNDLE_LOADER = "$(TEST_HOST)";
				FRAMEWORK_SEARCH_PATHS = (
					"$(SDKROOT)/Developer/Library/Frameworks",
					"$(inherited)",
				);
				GCC_PREPROCESSOR_DEFINITIONS = (
					"DEBUG=1",
					"$(inherited)",
				);
				INFOPLIST_FILE = ParseiOSTemplateTests/Info.plist;
				LD_RUNPATH_SEARCH_PATHS = "$(inherited) @executable_path/Frameworks @loader_path/Frameworks";
				PRODUCT_NAME = FoodOnYourMind_SwiftTests;
			};
			name = Debug;
		};
		2BC3972C1AADE837001ABDF2 /* Release */ = {
			isa = XCBuildConfiguration;
			buildSettings = {
				BUNDLE_LOADER = "$(TEST_HOST)";
				FRAMEWORK_SEARCH_PATHS = (
					"$(SDKROOT)/Developer/Library/Frameworks",
					"$(inherited)",
				);
				INFOPLIST_FILE = ParseiOSTemplateTests/Info.plist;
				LD_RUNPATH_SEARCH_PATHS = "$(inherited) @executable_path/Frameworks @loader_path/Frameworks";
				PRODUCT_NAME = FoodOnYourMind_SwiftTests;
			};
			name = Release;
		};
/* End XCBuildConfiguration section */

/* Begin XCConfigurationList section */
		2BC397031AADE837001ABDF2 /* Build configuration list for PBXProject "FoodOnYourMind_Swift" */ = {
			isa = XCConfigurationList;
			buildConfigurations = (
				2BC397251AADE837001ABDF2 /* Debug */,
				2BC397261AADE837001ABDF2 /* Release */,
			);
			defaultConfigurationIsVisible = 0;
			defaultConfigurationName = Release;
		};
		2BC397271AADE837001ABDF2 /* Build configuration list for PBXNativeTarget "FoodOnYourMind_Swift" */ = {
			isa = XCConfigurationList;
			buildConfigurations = (
				2BC397281AADE837001ABDF2 /* Debug */,
				2BC397291AADE837001ABDF2 /* Release */,
			);
			defaultConfigurationIsVisible = 0;
			defaultConfigurationName = Release;
		};
		2BC3972A1AADE837001ABDF2 /* Build configuration list for PBXNativeTarget "FoodOnYourMind_SwiftTests" */ = {
			isa = XCConfigurationList;
			buildConfigurations = (
				2BC3972B1AADE837001ABDF2 /* Debug */,
				2BC3972C1AADE837001ABDF2 /* Release */,
			);
			defaultConfigurationIsVisible = 0;
			defaultConfigurationName = Release;
		};
/* End XCConfigurationList section */

/* Begin XCVersionGroup section */
		705FFC961B56A4C100000399 /* FoodOnYourMindData.xcdatamodeld */ = {
			isa = XCVersionGroup;
			children = (
				705FFC971B56A4C100000399 /* FoodOnYourMindData.xcdatamodel */,
			);
			currentVersion = 705FFC971B56A4C100000399 /* FoodOnYourMindData.xcdatamodel */;
			path = FoodOnYourMindData.xcdatamodeld;
			sourceTree = "<group>";
			versionGroupType = wrapper.xcdatamodel;
		};
		70FDA4D21B589DC500D40063 /* CoreModel.xcdatamodeld */ = {
			isa = XCVersionGroup;
			children = (
				70FDA4D31B589DC500D40063 /* CoreModel.xcdatamodel */,
			);
			currentVersion = 70FDA4D31B589DC500D40063 /* CoreModel.xcdatamodel */;
			path = CoreModel.xcdatamodeld;
			sourceTree = "<group>";
			versionGroupType = wrapper.xcdatamodel;
		};
/* End XCVersionGroup section */
	};
	rootObject = 2BC397001AADE837001ABDF2 /* Project object */;
}
